
Microsoft Visual Studio Solution File, Format Version 12.00
# Visual Studio Version 17
VisualStudioVersion = 17.2.32630.192
MinimumVisualStudioVersion = 10.0.40219.1
Project("{FAE04EC0-301F-11D3-BF4B-00C04F79EFBC}") = "Exercice_1", "Exercice_2\Exercice_1.csproj", "{AA432004-EE84-49EC-95F5-872843E77571}"
EndProject
Project("{FAE04EC0-301F-11D3-BF4B-00C04F79EFBC}") = "Exercice_2", "Exercice_2\Exercice_2.csproj", "{4F6F95C3-65D8-4897-8E9A-7A69411C4690}"
EndProject
Global
	GlobalSection(SolutionConfigurationPlatforms) = preSolution
		Debug|Any CPU = Debug|Any CPU
		Release|Any CPU = Release|Any CPU
	EndGlobalSection
	GlobalSection(ProjectConfigurationPlatforms) = postSolution
		{AA432004-EE84-49EC-95F5-872843E77571}.Debug|Any CPU.ActiveCfg = Debug|Any CPU
		{AA432004-EE84-49EC-95F5-872843E77571}.Debug|Any CPU.Build.0 = Debug|Any CPU
		{AA432004-EE84-49EC-95F5-872843E77571}.Release|Any CPU.ActiveCfg = Release|Any CPU
		{AA432004-EE84-49EC-95F5-872843E77571}.Release|Any CPU.Build.0 = Release|Any CPU
		{4F6F95C3-65D8-4897-8E9A-7A69411C4690}.Debug|Any CPU.ActiveCfg = Debug|Any CPU
		{4F6F95C3-65D8-4897-8E9A-7A69411C4690}.Debug|Any CPU.Build.0 = Debug|Any CPU
		{4F6F95C3-65D8-4897-8E9A-7A69411C4690}.Release|Any CPU.ActiveCfg = Release|Any CPU
		{4F6F95C3-65D8-4897-8E9A-7A69411C4690}.Release|Any CPU.Build.0 = Release|Any CPU
	EndGlobalSection
	GlobalSection(SolutionProperties) = preSolution
		HideSolutionNode = FALSE
	EndGlobalSection
	GlobalSection(ExtensibilityGlobals) = postSolution
		SolutionGuid = {4E6AA58D-FC7C-4F75-BB47-364E0F51A692}
	EndGlobalSection
EndGlobal
