
Microsoft Visual Studio Solution File, Format Version 12.00
# Visual Studio Version 17
VisualStudioVersion = 17.1.32414.318
MinimumVisualStudioVersion = 10.0.40219.1
Project("{FAE04EC0-301F-11D3-BF4B-00C04F79EFBC}") = "MethodsExample", "MethodsExample.csproj", "{65AD3F97-F902-4498-9FE2-E7E119A8ABF8}"
EndProject
Global
	GlobalSection(SolutionConfigurationPlatforms) = preSolution
		Debug|Any CPU = Debug|Any CPU
		Release|Any CPU = Release|Any CPU
	EndGlobalSection
	GlobalSection(ProjectConfigurationPlatforms) = postSolution
		{65AD3F97-F902-4498-9FE2-E7E119A8ABF8}.Debug|Any CPU.ActiveCfg = Debug|Any CPU
		{65AD3F97-F902-4498-9FE2-E7E119A8ABF8}.Debug|Any CPU.Build.0 = Debug|Any CPU
		{65AD3F97-F902-4498-9FE2-E7E119A8ABF8}.Release|Any CPU.ActiveCfg = Release|Any CPU
		{65AD3F97-F902-4498-9FE2-E7E119A8ABF8}.Release|Any CPU.Build.0 = Release|Any CPU
	EndGlobalSection
	GlobalSection(SolutionProperties) = preSolution
		HideSolutionNode = FALSE
	EndGlobalSection
	GlobalSection(ExtensibilityGlobals) = postSolution
		SolutionGuid = {F60DAE66-9E58-4B3B-AD2C-5061DC7A5237}
	EndGlobalSection
EndGlobal
